{
  "name": "nativefragments.org",
  "version": "0.1.0",
  "lockfileVersion": 3,
  "requires": true,
  "packages": {
    "": {
      "name": "nativefragments.org",
      "version": "0.1.0",
      "dependencies": {
        "@nativefragments/core": "^0.3.0"
      }
    },
    "node_modules/@nativefragments/core": {
      "version": "0.3.0",
      "resolved": "https://registry.npmjs.org/@nativefragments/core/-/core-0.3.0.tgz",
      "integrity": "sha512-MglqHKq6qICBcd3FD0VAWSfbXETBJtXkqyO+l6cn4G1bYS9+9uRpyTi/VOxIvGtSLgX3YKjhaZ+IqkxCTHK3UA==",
      "license": "MIT"
    }
  }
}
