{
  "name": "nativefragments.org",
  "version": "0.1.0",
  "lockfileVersion": 3,
  "requires": true,
  "packages": {
    "": {
      "name": "nativefragments.org",
      "version": "0.1.0",
      "dependencies": {
        "@nativefragments/core": "^0.1.2"
      }
    },
    "node_modules/@nativefragments/core": {
      "version": "0.1.2",
      "resolved": "https://registry.npmjs.org/@nativefragments/core/-/core-0.1.2.tgz",
      "integrity": "sha512-Ik9e3XJHZqrm2nDeKIICF8SSalGaoCRBi2863yIxSSykH1ScvrU0oiEbXyUqGyiGZOD2RSbPbcsGd978EcVSSw==",
      "license": "MIT"
    }
  }
}
