{
  "name": "nativefragments.org",
  "version": "0.1.0",
  "lockfileVersion": 3,
  "requires": true,
  "packages": {
    "": {
      "name": "nativefragments.org",
      "version": "0.1.0",
      "dependencies": {
        "@nativefragments/core": "^0.2.0"
      }
    },
    "node_modules/@nativefragments/core": {
      "version": "0.2.0",
      "resolved": "https://registry.npmjs.org/@nativefragments/core/-/core-0.2.0.tgz",
      "integrity": "sha512-hidLo8BGraFgD7eWfUKksvEZy5kp5tw3E1jEONFQWE8Iaz+CiipqgDrhpnGPicbiYMhCyAsM0zD2/M+Eu+Sr3g==",
      "license": "MIT"
    }
  }
}
